<?xml version="1.0" encoding="utf-8"?>
<Project ToolsVersion="4.0" xmlns="http://schemas.microsoft.com/developer/msbuild/2003">
  <ItemGroup>
    <Filter Include="baseTest">
      <UniqueIdentifier>{17075fdf-5b76-492c-b409-624f4d47361b}</UniqueIdentifier>
    </Filter>
    <Filter Include="tests">
      <UniqueIdentifier>{346a9165-aeba-4b8e-8cf8-c08eb8979c38}</UniqueIdentifier>
    </Filter>
    <Filter Include="benchmarks">
      <UniqueIdentifier>{aa3afb0a-030f-4cbc-b761-9209b8a32433}</UniqueIdentifier>
    </Filter>
  </ItemGroup>
  <ItemGroup>
    <ClInclude Include="baseTest\baseTest.h">
      <Filter>baseTest</Filter>
    </ClInclude>
    <ClInclude Include="pch.h" />
  </ItemGroup>
  <ItemGroup>
    <ClCompile Include="tests\addition_unittests.cpp">
      <Filter>tests</Filter>
    </ClCompile>
    <ClCompile Include="tests\comparsion_unittests.cpp">
      <Filter>tests</Filter>
    </ClCompile>
    <ClCompile Include="tests\multiplication_unittests.cpp">
      <Filter>tests</Filter>
    </ClCompile>
    <ClCompile Include="tests\numericalStability_unittests.cpp">
      <Filter>tests</Filter>
    </ClCompile>
    <ClCompile Include="tests\reciprocalEstimator_unittests.cpp">
      <Filter>tests</Filter>
    </ClCompile>
    <ClCompile Include="tests\shifting_unittests.cpp">
      <Filter>tests</Filter>
    </ClCompile>
    <ClCompile Include="tests\division_unittests.cpp">
      <Filter>tests</Filter>
    </ClCompile>
    <ClCompile Include="tests\toFromString_unittests.cpp">
      <Filter>tests</Filter>
    </ClCompile>
    <ClCompile Include="tests\generic_unittests.cpp">
      <Filter>tests</Filter>
    </ClCompile>
    <ClCompile Include="main.cpp" />
    <ClCompile Include="pch.cpp" />
    <ClCompile Include="tests\subtruction_unittests.cpp">
      <Filter>tests</Filter>
    </ClCompile>
    <ClCompile Include="benchmarks\multiplication_benchmark.cpp">
      <Filter>benchmarks</Filter>
    </ClCompile>
    <ClCompile Include="tests\allocator_unittests.cpp">
      <Filter>tests</Filter>
    </ClCompile>
    <ClCompile Include="tests\dynamicBuffer_unittests.cpp">
      <Filter>tests</Filter>
    </ClCompile>
  </ItemGroup>
</Project>